
Microsoft Visual Studio Solution File, Format Version 12.00
# Visual Studio 15
VisualStudioVersion = 15.0.26124.0
MinimumVisualStudioVersion = 15.0.26124.0
Project("{2150E333-8FDC-42A3-9474-1A3956D46DE8}") = "src", "src", "{9FE86562-1EB3-4DDD-B645-B57CA3267249}"
EndProject
Project("{9A19103F-16F7-4668-BE54-9A1E7A4F7556}") = "HelloWorld.Core", "src\HelloWorld.Core\HelloWorld.Core.csproj", "{404238EE-84D8-415E-818B-22736A5F1798}"
EndProject
Project("{9A19103F-16F7-4668-BE54-9A1E7A4F7556}") = "HelloWorld.Web", "src\HelloWorld.Web\HelloWorld.Web.csproj", "{B2E2F31F-870A-4EB3-B868-C703ED85E55F}"
EndProject
Project("{2150E333-8FDC-42A3-9474-1A3956D46DE8}") = "test", "test", "{B36FEE6C-8F40-446E-850C-383BAF4D9543}"
EndProject
Project("{9A19103F-16F7-4668-BE54-9A1E7A4F7556}") = "HelloWorld.Tests", "test\HelloWorld.Tests\HelloWorld.Tests.csproj", "{9CA95E6B-9115-4BCB-A444-155529EE519F}"
EndProject
Project("{FAE04EC0-301F-11D3-BF4B-00C04F79EFBC}") = "HelloWorld.Framework", "src\HelloWorld.Framework\HelloWorld.Framework.csproj", "{F6F7058F-EA27-4DC7-913F-56616FE9DFE5}"
EndProject
Global
	GlobalSection(SolutionConfigurationPlatforms) = preSolution
		Debug|Any CPU = Debug|Any CPU
		Debug|x64 = Debug|x64
		Debug|x86 = Debug|x86
		Release|Any CPU = Release|Any CPU
		Release|x64 = Release|x64
		Release|x86 = Release|x86
	EndGlobalSection
	GlobalSection(ProjectConfigurationPlatforms) = postSolution
		{404238EE-84D8-415E-818B-22736A5F1798}.Debug|Any CPU.ActiveCfg = Debug|Any CPU
		{404238EE-84D8-415E-818B-22736A5F1798}.Debug|Any CPU.Build.0 = Debug|Any CPU
		{404238EE-84D8-415E-818B-22736A5F1798}.Debug|x64.ActiveCfg = Debug|Any CPU
		{404238EE-84D8-415E-818B-22736A5F1798}.Debug|x64.Build.0 = Debug|Any CPU
		{404238EE-84D8-415E-818B-22736A5F1798}.Debug|x86.ActiveCfg = Debug|Any CPU
		{404238EE-84D8-415E-818B-22736A5F1798}.Debug|x86.Build.0 = Debug|Any CPU
		{404238EE-84D8-415E-818B-22736A5F1798}.Release|Any CPU.ActiveCfg = Release|Any CPU
		{404238EE-84D8-415E-818B-22736A5F1798}.Release|Any CPU.Build.0 = Release|Any CPU
		{404238EE-84D8-415E-818B-22736A5F1798}.Release|x64.ActiveCfg = Release|Any CPU
		{404238EE-84D8-415E-818B-22736A5F1798}.Release|x64.Build.0 = Release|Any CPU
		{404238EE-84D8-415E-818B-22736A5F1798}.Release|x86.ActiveCfg = Release|Any CPU
		{404238EE-84D8-415E-818B-22736A5F1798}.Release|x86.Build.0 = Release|Any CPU
		{B2E2F31F-870A-4EB3-B868-C703ED85E55F}.Debug|Any CPU.ActiveCfg = Debug|Any CPU
		{B2E2F31F-870A-4EB3-B868-C703ED85E55F}.Debug|Any CPU.Build.0 = Debug|Any CPU
		{B2E2F31F-870A-4EB3-B868-C703ED85E55F}.Debug|x64.ActiveCfg = Debug|Any CPU
		{B2E2F31F-870A-4EB3-B868-C703ED85E55F}.Debug|x64.Build.0 = Debug|Any CPU
		{B2E2F31F-870A-4EB3-B868-C703ED85E55F}.Debug|x86.ActiveCfg = Debug|Any CPU
		{B2E2F31F-870A-4EB3-B868-C703ED85E55F}.Debug|x86.Build.0 = Debug|Any CPU
		{B2E2F31F-870A-4EB3-B868-C703ED85E55F}.Release|Any CPU.ActiveCfg = Release|Any CPU
		{B2E2F31F-870A-4EB3-B868-C703ED85E55F}.Release|Any CPU.Build.0 = Release|Any CPU
		{B2E2F31F-870A-4EB3-B868-C703ED85E55F}.Release|x64.ActiveCfg = Release|Any CPU
		{B2E2F31F-870A-4EB3-B868-C703ED85E55F}.Release|x64.Build.0 = Release|Any CPU
		{B2E2F31F-870A-4EB3-B868-C703ED85E55F}.Release|x86.ActiveCfg = Release|Any CPU
		{B2E2F31F-870A-4EB3-B868-C703ED85E55F}.Release|x86.Build.0 = Release|Any CPU
		{9CA95E6B-9115-4BCB-A444-155529EE519F}.Debug|Any CPU.ActiveCfg = Debug|Any CPU
		{9CA95E6B-9115-4BCB-A444-155529EE519F}.Debug|Any CPU.Build.0 = Debug|Any CPU
		{9CA95E6B-9115-4BCB-A444-155529EE519F}.Debug|x64.ActiveCfg = Debug|Any CPU
		{9CA95E6B-9115-4BCB-A444-155529EE519F}.Debug|x64.Build.0 = Debug|Any CPU
		{9CA95E6B-9115-4BCB-A444-155529EE519F}.Debug|x86.ActiveCfg = Debug|Any CPU
		{9CA95E6B-9115-4BCB-A444-155529EE519F}.Debug|x86.Build.0 = Debug|Any CPU
		{9CA95E6B-9115-4BCB-A444-155529EE519F}.Release|Any CPU.ActiveCfg = Release|Any CPU
		{9CA95E6B-9115-4BCB-A444-155529EE519F}.Release|Any CPU.Build.0 = Release|Any CPU
		{9CA95E6B-9115-4BCB-A444-155529EE519F}.Release|x64.ActiveCfg = Release|Any CPU
		{9CA95E6B-9115-4BCB-A444-155529EE519F}.Release|x64.Build.0 = Release|Any CPU
		{9CA95E6B-9115-4BCB-A444-155529EE519F}.Release|x86.ActiveCfg = Release|Any CPU
		{9CA95E6B-9115-4BCB-A444-155529EE519F}.Release|x86.Build.0 = Release|Any CPU
		{F6F7058F-EA27-4DC7-913F-56616FE9DFE5}.Debug|Any CPU.ActiveCfg = Debug|Any CPU
		{F6F7058F-EA27-4DC7-913F-56616FE9DFE5}.Debug|Any CPU.Build.0 = Debug|Any CPU
		{F6F7058F-EA27-4DC7-913F-56616FE9DFE5}.Debug|x64.ActiveCfg = Debug|Any CPU
		{F6F7058F-EA27-4DC7-913F-56616FE9DFE5}.Debug|x64.Build.0 = Debug|Any CPU
		{F6F7058F-EA27-4DC7-913F-56616FE9DFE5}.Debug|x86.ActiveCfg = Debug|Any CPU
		{F6F7058F-EA27-4DC7-913F-56616FE9DFE5}.Debug|x86.Build.0 = Debug|Any CPU
		{F6F7058F-EA27-4DC7-913F-56616FE9DFE5}.Release|Any CPU.ActiveCfg = Release|Any CPU
		{F6F7058F-EA27-4DC7-913F-56616FE9DFE5}.Release|Any CPU.Build.0 = Release|Any CPU
		{F6F7058F-EA27-4DC7-913F-56616FE9DFE5}.Release|x64.ActiveCfg = Release|Any CPU
		{F6F7058F-EA27-4DC7-913F-56616FE9DFE5}.Release|x64.Build.0 = Release|Any CPU
		{F6F7058F-EA27-4DC7-913F-56616FE9DFE5}.Release|x86.ActiveCfg = Release|Any CPU
		{F6F7058F-EA27-4DC7-913F-56616FE9DFE5}.Release|x86.Build.0 = Release|Any CPU
	EndGlobalSection
	GlobalSection(SolutionProperties) = preSolution
		HideSolutionNode = FALSE
	EndGlobalSection
	GlobalSection(NestedProjects) = preSolution
		{404238EE-84D8-415E-818B-22736A5F1798} = {9FE86562-1EB3-4DDD-B645-B57CA3267249}
		{B2E2F31F-870A-4EB3-B868-C703ED85E55F} = {9FE86562-1EB3-4DDD-B645-B57CA3267249}
		{9CA95E6B-9115-4BCB-A444-155529EE519F} = {B36FEE6C-8F40-446E-850C-383BAF4D9543}
		{F6F7058F-EA27-4DC7-913F-56616FE9DFE5} = {9FE86562-1EB3-4DDD-B645-B57CA3267249}
	EndGlobalSection
	GlobalSection(ExtensibilityGlobals) = postSolution
		SolutionGuid = {7689F050-E893-4C44-AC32-81884C9FA602}
	EndGlobalSection
EndGlobal
